﻿
Microsoft Visual Studio Solution File, Format Version 12.00
# Visual Studio 15
VisualStudioVersion = 15.0.28307.136
MinimumVisualStudioVersion = 10.0.40219.1
Project("{9A19103F-16F7-4668-BE54-9A1E7A4F7556}") = "GiTinder", "GiTinder\GiTinder.csproj", "{E3866EAF-0BF7-420F-A290-24FAFAE10E8F}"

EndProject
Project("{FAE04EC0-301F-11D3-BF4B-00C04F79EFBC}") = "GiTinder.Tests", "GiTinder.Tests\GiTinder.Tests.csproj", "{CA1A2D76-939D-4E2C-B239-5767AFEBBE7B}"

EndProject
Global
	GlobalSection(SolutionConfigurationPlatforms) = preSolution
		Debug|Any CPU = Debug|Any CPU
		Release|Any CPU = Release|Any CPU
	EndGlobalSection
	GlobalSection(ProjectConfigurationPlatforms) = postSolution
		{E3866EAF-0BF7-420F-A290-24FAFAE10E8F}.Debug|Any CPU.ActiveCfg = Debug|Any CPU
		{E3866EAF-0BF7-420F-A290-24FAFAE10E8F}.Debug|Any CPU.Build.0 = Debug|Any CPU
		{E3866EAF-0BF7-420F-A290-24FAFAE10E8F}.Release|Any CPU.ActiveCfg = Release|Any CPU
		{E3866EAF-0BF7-420F-A290-24FAFAE10E8F}.Release|Any CPU.Build.0 = Release|Any CPU
		{CA1A2D76-939D-4E2C-B239-5767AFEBBE7B}.Debug|Any CPU.ActiveCfg = Debug|Any CPU
		{CA1A2D76-939D-4E2C-B239-5767AFEBBE7B}.Debug|Any CPU.Build.0 = Debug|Any CPU
		{CA1A2D76-939D-4E2C-B239-5767AFEBBE7B}.Release|Any CPU.ActiveCfg = Release|Any CPU
		{CA1A2D76-939D-4E2C-B239-5767AFEBBE7B}.Release|Any CPU.Build.0 = Release|Any CPU
	EndGlobalSection
	GlobalSection(SolutionProperties) = preSolution
		HideSolutionNode = FALSE
	EndGlobalSection
	GlobalSection(ExtensibilityGlobals) = postSolution
		SolutionGuid = {29993708-DF0F-41E4-804D-6F8B9E5DE84B}
	EndGlobalSection
EndGlobal
